
Microsoft Visual Studio Solution File, Format Version 12.00
# Visual Studio 15
VisualStudioVersion = 15.0.27428.2027
MinimumVisualStudioVersion = 10.0.40219.1
Project("{8BC9CEB8-8B4A-11D0-8D11-00A0C91BC942}") = "Zadanie 1", "Zadanie 1\Zadanie 1.vcxproj", "{F9F343C0-9131-4FAB-B06D-57B78DABD397}"
EndProject
Global
	GlobalSection(SolutionConfigurationPlatforms) = preSolution
		Debug|x64 = Debug|x64
		Debug|x86 = Debug|x86
		Release|x64 = Release|x64
		Release|x86 = Release|x86
	EndGlobalSection
	GlobalSection(ProjectConfigurationPlatforms) = postSolution
		{F9F343C0-9131-4FAB-B06D-57B78DABD397}.Debug|x64.ActiveCfg = Debug|x64
		{F9F343C0-9131-4FAB-B06D-57B78DABD397}.Debug|x64.Build.0 = Debug|x64
		{F9F343C0-9131-4FAB-B06D-57B78DABD397}.Debug|x86.ActiveCfg = Debug|Win32
		{F9F343C0-9131-4FAB-B06D-57B78DABD397}.Debug|x86.Build.0 = Debug|Win32
		{F9F343C0-9131-4FAB-B06D-57B78DABD397}.Release|x64.ActiveCfg = Release|x64
		{F9F343C0-9131-4FAB-B06D-57B78DABD397}.Release|x64.Build.0 = Release|x64
		{F9F343C0-9131-4FAB-B06D-57B78DABD397}.Release|x86.ActiveCfg = Release|Win32
		{F9F343C0-9131-4FAB-B06D-57B78DABD397}.Release|x86.Build.0 = Release|Win32
	EndGlobalSection
	GlobalSection(SolutionProperties) = preSolution
		HideSolutionNode = FALSE
	EndGlobalSection
	GlobalSection(ExtensibilityGlobals) = postSolution
		SolutionGuid = {E4AEAB48-B59F-4E36-9F08-76D17FBB18DB}
	EndGlobalSection
EndGlobal
